// !$*UTF8*$!
{
	archiveVersion = 1;
	classes = {
	};
	objectVersion = 50;
	objects = {

/* Begin PBXBuildFile section */
		B1EF8C59244CA57900DB7C6D /* AppDelegate.swift in Sources */ = {isa = PBXBuildFile; fileRef = B1EF8C58244CA57900DB7C6D /* AppDelegate.swift */; };
		B1EF8C5B244CA57900DB7C6D /* SceneDelegate.swift in Sources */ = {isa = PBXBuildFile; fileRef = B1EF8C5A244CA57900DB7C6D /* SceneDelegate.swift */; };
		B1EF8C5D244CA57900DB7C6D /* ViewController.swift in Sources */ = {isa = PBXBuildFile; fileRef = B1EF8C5C244CA57900DB7C6D /* ViewController.swift */; };
		B1EF8C60244CA57900DB7C6D /* Main.storyboard in Resources */ = {isa = PBXBuildFile; fileRef = B1EF8C5E244CA57900DB7C6D /* Main.storyboard */; };
		B1EF8C62244CA57B00DB7C6D /* Assets.xcassets in Resources */ = {isa = PBXBuildFile; fileRef = B1EF8C61244CA57B00DB7C6D /* Assets.xcassets */; };
		B1EF8C65244CA57B00DB7C6D /* LaunchScreen.storyboard in Resources */ = {isa = PBXBuildFile; fileRef = B1EF8C63244CA57B00DB7C6D /* LaunchScreen.storyboard */; };
/* End PBXBuildFile section */

/* Begin PBXFileReference section */
		B1EF8C55244CA57900DB7C6D /* RoundedButtonProject.app */ = {isa = PBXFileReference; explicitFileType = wrapper.application; includeInIndex = 0; path = RoundedButtonProject.app; sourceTree = BUILT_PRODUCTS_DIR; };
		B1EF8C58244CA57900DB7C6D /* AppDelegate.swift */ = {isa = PBXFileReference; lastKnownFileType = sourcecode.swift; path = AppDelegate.swift; sourceTree = "<group>"; };
		B1EF8C5A244CA57900DB7C6D /* SceneDelegate.swift */ = {isa = PBXFileReference; lastKnownFileType = sourcecode.swift; path = SceneDelegate.swift; sourceTree = "<group>"; };
		B1EF8C5C244CA57900DB7C6D /* ViewController.swift */ = {isa = PBXFileReference; lastKnownFileType = sourcecode.swift; path = ViewController.swift; sourceTree = "<group>"; };
		B1EF8C5F244CA57900DB7C6D /* Base */ = {isa = PBXFileReference; lastKnownFileType = file.storyboard; name = Base; path = Base.lproj/Main.storyboard; sourceTree = "<group>"; };
		B1EF8C61244CA57B00DB7C6D /* Assets.xcassets */ = {isa = PBXFileReference; lastKnownFileType = folder.assetcatalog; path = Assets.xcassets; sourceTree = "<group>"; };
		B1EF8C64244CA57B00DB7C6D /* Base */ = {isa = PBXFileReference; lastKnownFileType = file.storyboard; name = Base; path = Base.lproj/LaunchScreen.storyboard; sourceTree = "<group>"; };
		B1EF8C66244CA57B00DB7C6D /* Info.plist */ = {isa = PBXFileReference; lastKnownFileType = text.plist.xml; path = Info.plist; sourceTree = "<group>"; };
/* End PBXFileReference section */

/* Begin PBXFrameworksBuildPhase section */
		B1EF8C52244CA57900DB7C6D /* Frameworks */ = {
			isa = PBXFrameworksBuildPhase;
			buildActionMask = 2147483647;
			files = (
			);
			runOnlyForDeploymentPostprocessing = 0;
		};
/* End PBXFrameworksBuildPhase section */

/* Begin PBXGroup section */
		B1EF8C4C244CA57900DB7C6D = {
			isa = PBXGroup;
			children = (
				B1EF8C57244CA57900DB7C6D /* RoundedButtonProject */,
				B1EF8C56244CA57900DB7C6D /* Products */,
			);
			sourceTree = "<group>";
		};
		B1EF8C56244CA57900DB7C6D /* Products */ = {
			isa = PBXGroup;
			children = (
				B1EF8C55244CA57900DB7C6D /* RoundedButtonProject.app */,
			);
			name = Products;
			sourceTree = "<group>";
		};
		B1EF8C57244CA57900DB7C6D /* RoundedButtonProject */ = {
			isa = PBXGroup;
			children = (
				B1EF8C58244CA57900DB7C6D /* AppDelegate.swift */,
				B1EF8C5A244CA57900DB7C6D /* SceneDelegate.swift */,
				B1EF8C5C244CA57900DB7C6D /* ViewController.swift */,
				B1EF8C5E244CA57900DB7C6D /* Main.storyboard */,
				B1EF8C61244CA57B00DB7C6D /* Assets.xcassets */,
				B1EF8C63244CA57B00DB7C6D /* LaunchScreen.storyboard */,
				B1EF8C66244CA57B00DB7C6D /* Info.plist */,
			);
			path = RoundedButtonProject;
			sourceTree = "<group>";
		};
/* End PBXGroup section */

/* Begin PBXNativeTarget section */
		B1EF8C54244CA57900DB7C6D /* RoundedButtonProject */ = {
			isa = PBXNativeTarget;
			buildConfigurationList = B1EF8C69244CA57B00DB7C6D /* Build configuration list for PBXNativeTarget "RoundedButtonProject" */;
			buildPhases = (
				B1EF8C51244CA57900DB7C6D /* Sources */,
				B1EF8C52244CA57900DB7C6D /* Frameworks */,
				B1EF8C53244CA57900DB7C6D /* Resources */,
			);
			buildRules = (
			);
			dependencies = (
			);
			name = RoundedButtonProject;
			productName = RoundedButtonProject;
			productReference = B1EF8C55244CA57900DB7C6D /* RoundedButtonProject.app */;
			productType = "com.apple.product-type.application";
		};
/* End PBXNativeTarget section */

/* Begin PBXProject section */
		B1EF8C4D244CA57900DB7C6D /* Project object */ = {
			isa = PBXProject;
			attributes = {
				LastSwiftUpdateCheck = 1140;
				LastUpgradeCheck = 1140;
				ORGANIZATIONNAME = AbneyAnalytics;
				TargetAttributes = {
					B1EF8C54244CA57900DB7C6D = {
						CreatedOnToolsVersion = 11.4.1;
					};
				};
			};
			buildConfigurationList = B1EF8C50244CA57900DB7C6D /* Build configuration list for PBXProject "RoundedButtonProject" */;
			compatibilityVersion = "Xcode 9.3";
			developmentRegion = en;
			hasScannedForEncodings = 0;
			knownRegions = (
				en,
				Base,
			);
			mainGroup = B1EF8C4C244CA57900DB7C6D;
			productRefGroup = B1EF8C56244CA57900DB7C6D /* Products */;
			projectDirPath = "";
			projectRoot = "";
			targets = (
				B1EF8C54244CA57900DB7C6D /* RoundedButtonProject */,
			);
		};
/* End PBXProject section */

/* Begin PBXResourcesBuildPhase section */
		B1EF8C53244CA57900DB7C6D /* Resources */ = {
			isa = PBXResourcesBuildPhase;
			buildActionMask = 2147483647;
			files = (
				B1EF8C65244CA57B00DB7C6D /* LaunchScreen.storyboard in Resources */,
				B1EF8C62244CA57B00DB7C6D /* Assets.xcassets in Resources */,
				B1EF8C60244CA57900DB7C6D /* Main.storyboard in Resources */,
			);
			runOnlyForDeploymentPostprocessing = 0;
		};
/* End PBXResourcesBuildPhase section */

/* Begin PBXSourcesBuildPhase section */
		B1EF8C51244CA57900DB7C6D /* Sources */ = {
			isa = PBXSourcesBuildPhase;
			buildActionMask = 2147483647;
			files = (
				B1EF8C5D244CA57900DB7C6D /* ViewController.swift in Sources */,
				B1EF8C59244CA57900DB7C6D /* AppDelegate.swift in Sources */,
				B1EF8C5B244CA57900DB7C6D /* SceneDelegate.swift in Sources */,
			);
			runOnlyForDeploymentPostprocessing = 0;
		};
/* End PBXSourcesBuildPhase section */

/* Begin PBXVariantGroup section */
		B1EF8C5E244CA57900DB7C6D /* Main.storyboard */ = {
			isa = PBXVariantGroup;
			children = (
				B1EF8C5F244CA57900DB7C6D /* Base */,
			);
			name = Main.storyboard;
			sourceTree = "<group>";
		};
		B1EF8C63244CA57B00DB7C6D /* LaunchScreen.storyboard */ = {
			isa = PBXVariantGroup;
			children = (
				B1EF8C64244CA57B00DB7C6D /* Base */,
			);
			name = LaunchScreen.storyboard;
			sourceTree = "<group>";
		};
/* End PBXVariantGroup section */

/* Begin XCBuildConfiguration section */
		B1EF8C67244CA57B00DB7C6D /* Debug */ = {
			isa = XCBuildConfiguration;
			buildSettings = {
				ALWAYS_SEARCH_USER_PATHS = NO;
				CLANG_ANALYZER_NONNULL = YES;
				CLANG_ANALYZER_NUMBER_OBJECT_CONVERSION = YES_AGGRESSIVE;
				CLANG_CXX_LANGUAGE_STANDARD = "gnu++14";
				CLANG_CXX_LIBRARY = "libc++";
				CLANG_ENABLE_MODULES = YES;
				CLANG_ENABLE_OBJC_ARC = YES;
				CLANG_ENABLE_OBJC_WEAK = YES;
				CLANG_WARN_BLOCK_CAPTURE_AUTORELEASING = YES;
				CLANG_WARN_BOOL_CONVERSION = YES;
				CLANG_WARN_COMMA = YES;
				CLANG_WARN_CONSTANT_CONVERSION = YES;
				CLANG_WARN_DEPRECATED_OBJC_IMPLEMENTATIONS = YES;
				CLANG_WARN_DIRECT_OBJC_ISA_USAGE = YES_ERROR;
				CLANG_WARN_DOCUMENTATION_COMMENTS = YES;
				CLANG_WARN_EMPTY_BODY = YES;
				CLANG_WARN_ENUM_CONVERSION = YES;
				CLANG_WARN_INFINITE_RECURSION = YES;
				CLANG_WARN_INT_CONVERSION = YES;
				CLANG_WARN_NON_LITERAL_NULL_CONVERSION = YES;
				CLANG_WARN_OBJC_IMPLICIT_RETAIN_SELF = YES;
				CLANG_WARN_OBJC_LITERAL_CONVERSION = YES;
				CLANG_WARN_OBJC_ROOT_CLASS = YES_ERROR;
				CLANG_WARN_RANGE_LOOP_ANALYSIS = YES;
				CLANG_WARN_STRICT_PROTOTYPES = YES;
				CLANG_WARN_SUSPICIOUS_MOVE = YES;
				CLANG_WARN_UNGUARDED_AVAILABILITY = YES_AGGRESSIVE;
				CLANG_WARN_UNREACHABLE_CODE = YES;
				CLANG_WARN__DUPLICATE_METHOD_MATCH = YES;
				COPY_PHASE_STRIP = NO;
				DEBUG_INFORMATION_FORMAT = dwarf;
				ENABLE_STRICT_OBJC_MSGSEND = YES;
				ENABLE_TESTABILITY = YES;
				GCC_C_LANGUAGE_STANDARD = gnu11;
				GCC_DYNAMIC_NO_PIC = NO;
				GCC_NO_COMMON_BLOCKS = YES;
				GCC_OPTIMIZATION_LEVEL = 0;
				GCC_PREPROCESSOR_DEFINITIONS = (
					"DEBUG=1",
					"$(inherited)",
				);
				GCC_WARN_64_TO_32_BIT_CONVERSION = YES;
				GCC_WARN_ABOUT_RETURN_TYPE = YES_ERROR;
				GCC_WARN_UNDECLARED_SELECTOR = YES;
				GCC_WARN_UNINITIALIZED_AUTOS = YES_AGGRESSIVE;
				GCC_WARN_UNUSED_FUNCTION = YES;
				GCC_WARN_UNUSED_VARIABLE = YES;
				IPHONEOS_DEPLOYMENT_TARGET = 13.4;
				MTL_ENABLE_DEBUG_INFO = INCLUDE_SOURCE;
				MTL_FAST_MATH = YES;
				ONLY_ACTIVE_ARCH = YES;
				SDKROOT = iphoneos;
				SWIFT_ACTIVE_COMPILATION_CONDITIONS = DEBUG;
				SWIFT_OPTIMIZATION_LEVEL = "-Onone";
			};
			name = Debug;
		};
		B1EF8C68244CA57B00DB7C6D /* Release */ = {
			isa = XCBuildConfiguration;
			buildSettings = {
				ALWAYS_SEARCH_USER_PATHS = NO;
				CLANG_ANALYZER_NONNULL = YES;
				CLANG_ANALYZER_NUMBER_OBJECT_CONVERSION = YES_AGGRESSIVE;
				CLANG_CXX_LANGUAGE_STANDARD = "gnu++14";
				CLANG_CXX_LIBRARY = "libc++";
				CLANG_ENABLE_MODULES = YES;
				CLANG_ENABLE_OBJC_ARC = YES;
				CLANG_ENABLE_OBJC_WEAK = YES;
				CLANG_WARN_BLOCK_CAPTURE_AUTORELEASING = YES;
				CLANG_WARN_BOOL_CONVERSION = YES;
				CLANG_WARN_COMMA = YES;
				CLANG_WARN_CONSTANT_CONVERSION = YES;
				CLANG_WARN_DEPRECATED_OBJC_IMPLEMENTATIONS = YES;
				CLANG_WARN_DIRECT_OBJC_ISA_USAGE = YES_ERROR;
				CLANG_WARN_DOCUMENTATION_COMMENTS = YES;
				CLANG_WARN_EMPTY_BODY = YES;
				CLANG_WARN_ENUM_CONVERSION = YES;
				CLANG_WARN_INFINITE_RECURSION = YES;
				CLANG_WARN_INT_CONVERSION = YES;
				CLANG_WARN_NON_LITERAL_NULL_CONVERSION = YES;
				CLANG_WARN_OBJC_IMPLICIT_RETAIN_SELF = YES;
				CLANG_WARN_OBJC_LITERAL_CONVERSION = YES;
				CLANG_WARN_OBJC_ROOT_CLASS = YES_ERROR;
				CLANG_WARN_RANGE_LOOP_ANALYSIS = YES;
				CLANG_WARN_STRICT_PROTOTYPES = YES;
				CLANG_WARN_SUSPICIOUS_MOVE = YES;
				CLANG_WARN_UNGUARDED_AVAILABILITY = YES_AGGRESSIVE;
				CLANG_WARN_UNREACHABLE_CODE = YES;
				CLANG_WARN__DUPLICATE_METHOD_MATCH = YES;
				COPY_PHASE_STRIP = NO;
				DEBUG_INFORMATION_FORMAT = "dwarf-with-dsym";
				ENABLE_NS_ASSERTIONS = NO;
				ENABLE_STRICT_OBJC_MSGSEND = YES;
				GCC_C_LANGUAGE_STANDARD = gnu11;
				GCC_NO_COMMON_BLOCKS = YES;
				GCC_WARN_64_TO_32_BIT_CONVERSION = YES;
				GCC_WARN_ABOUT_RETURN_TYPE = YES_ERROR;
				GCC_WARN_UNDECLARED_SELECTOR = YES;
				GCC_WARN_UNINITIALIZED_AUTOS = YES_AGGRESSIVE;
				GCC_WARN_UNUSED_FUNCTION = YES;
				GCC_WARN_UNUSED_VARIABLE = YES;
				IPHONEOS_DEPLOYMENT_TARGET = 13.4;
				MTL_ENABLE_DEBUG_INFO = NO;
				MTL_FAST_MATH = YES;
				SDKROOT = iphoneos;
				SWIFT_COMPILATION_MODE = wholemodule;
				SWIFT_OPTIMIZATION_LEVEL = "-O";
				VALIDATE_PRODUCT = YES;
			};
			name = Release;
		};
		B1EF8C6A244CA57B00DB7C6D /* Debug */ = {
			isa = XCBuildConfiguration;
			buildSettings = {
				ASSETCATALOG_COMPILER_APPICON_NAME = AppIcon;
				CODE_SIGN_STYLE = Automatic;
				DEVELOPMENT_TEAM = W7ULA4X9L6;
				INFOPLIST_FILE = RoundedButtonProject/Info.plist;
				LD_RUNPATH_SEARCH_PATHS = (
					"$(inherited)",
					"@executable_path/Frameworks",
				);
				PRODUCT_BUNDLE_IDENTIFIER = com.abneyanalytics.RoundedButtonProject;
				PRODUCT_NAME = "$(TARGET_NAME)";
				SWIFT_VERSION = 5.0;
				TARGETED_DEVICE_FAMILY = "1,2";
			};
			name = Debug;
		};
		B1EF8C6B244CA57B00DB7C6D /* Release */ = {
			isa = XCBuildConfiguration;
			buildSettings = {
				ASSETCATALOG_COMPILER_APPICON_NAME = AppIcon;
				CODE_SIGN_STYLE = Automatic;
				DEVELOPMENT_TEAM = W7ULA4X9L6;
				INFOPLIST_FILE = RoundedButtonProject/Info.plist;
				LD_RUNPATH_SEARCH_PATHS = (
					"$(inherited)",
					"@executable_path/Frameworks",
				);
				PRODUCT_BUNDLE_IDENTIFIER = com.abneyanalytics.RoundedButtonProject;
				PRODUCT_NAME = "$(TARGET_NAME)";
				SWIFT_VERSION = 5.0;
				TARGETED_DEVICE_FAMILY = "1,2";
			};
			name = Release;
		};
/* End XCBuildConfiguration section */

/* Begin XCConfigurationList section */
		B1EF8C50244CA57900DB7C6D /* Build configuration list for PBXProject "RoundedButtonProject" */ = {
			isa = XCConfigurationList;
			buildConfigurations = (
				B1EF8C67244CA57B00DB7C6D /* Debug */,
				B1EF8C68244CA57B00DB7C6D /* Release */,
			);
			defaultConfigurationIsVisible = 0;
			defaultConfigurationName = Release;
		};
		B1EF8C69244CA57B00DB7C6D /* Build configuration list for PBXNativeTarget "RoundedButtonProject" */ = {
			isa = XCConfigurationList;
			buildConfigurations = (
				B1EF8C6A244CA57B00DB7C6D /* Debug */,
				B1EF8C6B244CA57B00DB7C6D /* Release */,
			);
			defaultConfigurationIsVisible = 0;
			defaultConfigurationName = Release;
		};
/* End XCConfigurationList section */
	};
	rootObject = B1EF8C4D244CA57900DB7C6D /* Project object */;
}
